
Microsoft Visual Studio Solution File, Format Version 12.00
# Visual Studio 15
VisualStudioVersion = 15.0.28307.136
MinimumVisualStudioVersion = 10.0.40219.1
Project("{9A19103F-16F7-4668-BE54-9A1E7A4F7556}") = "BusinessLayer", "BusinessLayer\BusinessLayer.csproj", "{CE439A79-7DCB-48A4-AF5A-8ECDE436A885}"
EndProject
Project("{9A19103F-16F7-4668-BE54-9A1E7A4F7556}") = "DataAccessLayer", "DataAccessLayer\DataAccessLayer.csproj", "{5577F813-3733-4201-A6B9-D595A6A5E17C}"
EndProject
Project("{9A19103F-16F7-4668-BE54-9A1E7A4F7556}") = "DataTransferObject", "DataTransferObject\DataTransferObject.csproj", "{6A0053B5-6C9F-42E3-BB3B-65295308AF45}"
EndProject
Project("{9A19103F-16F7-4668-BE54-9A1E7A4F7556}") = "DotNetCoreBasicAssignment", "DotNetCoreBasicAssignment\DotNetCoreBasicAssignment.csproj", "{1616A2BB-0FB3-4C6B-A685-9F54B9563A66}"
EndProject
Global
	GlobalSection(SolutionConfigurationPlatforms) = preSolution
		Debug|Any CPU = Debug|Any CPU
		Release|Any CPU = Release|Any CPU
	EndGlobalSection
	GlobalSection(ProjectConfigurationPlatforms) = postSolution
		{CE439A79-7DCB-48A4-AF5A-8ECDE436A885}.Debug|Any CPU.ActiveCfg = Debug|Any CPU
		{CE439A79-7DCB-48A4-AF5A-8ECDE436A885}.Debug|Any CPU.Build.0 = Debug|Any CPU
		{CE439A79-7DCB-48A4-AF5A-8ECDE436A885}.Release|Any CPU.ActiveCfg = Release|Any CPU
		{CE439A79-7DCB-48A4-AF5A-8ECDE436A885}.Release|Any CPU.Build.0 = Release|Any CPU
		{5577F813-3733-4201-A6B9-D595A6A5E17C}.Debug|Any CPU.ActiveCfg = Debug|Any CPU
		{5577F813-3733-4201-A6B9-D595A6A5E17C}.Debug|Any CPU.Build.0 = Debug|Any CPU
		{5577F813-3733-4201-A6B9-D595A6A5E17C}.Release|Any CPU.ActiveCfg = Release|Any CPU
		{5577F813-3733-4201-A6B9-D595A6A5E17C}.Release|Any CPU.Build.0 = Release|Any CPU
		{6A0053B5-6C9F-42E3-BB3B-65295308AF45}.Debug|Any CPU.ActiveCfg = Debug|Any CPU
		{6A0053B5-6C9F-42E3-BB3B-65295308AF45}.Debug|Any CPU.Build.0 = Debug|Any CPU
		{6A0053B5-6C9F-42E3-BB3B-65295308AF45}.Release|Any CPU.ActiveCfg = Release|Any CPU
		{6A0053B5-6C9F-42E3-BB3B-65295308AF45}.Release|Any CPU.Build.0 = Release|Any CPU
		{1616A2BB-0FB3-4C6B-A685-9F54B9563A66}.Debug|Any CPU.ActiveCfg = Debug|Any CPU
		{1616A2BB-0FB3-4C6B-A685-9F54B9563A66}.Debug|Any CPU.Build.0 = Debug|Any CPU
		{1616A2BB-0FB3-4C6B-A685-9F54B9563A66}.Release|Any CPU.ActiveCfg = Release|Any CPU
		{1616A2BB-0FB3-4C6B-A685-9F54B9563A66}.Release|Any CPU.Build.0 = Release|Any CPU
	EndGlobalSection
	GlobalSection(SolutionProperties) = preSolution
		HideSolutionNode = FALSE
	EndGlobalSection
	GlobalSection(ExtensibilityGlobals) = postSolution
		SolutionGuid = {54B1E1AB-2AC1-4C63-80D0-D7703167B17D}
	EndGlobalSection
EndGlobal
